
Microsoft Visual Studio Solution File, Format Version 12.00
# Visual Studio Version 17
VisualStudioVersion = 17.12.35506.116
MinimumVisualStudioVersion = 10.0.40219.1
Project("{FAE04EC0-301F-11D3-BF4B-00C04F79EFBC}") = "Model", "Logic\Model.csproj", "{C844BF87-0801-4873-AEF2-77AAB73E05EF}"
EndProject
Project("{FAE04EC0-301F-11D3-BF4B-00C04F79EFBC}") = "Console", "..\Console\Console\Console.csproj", "{96291EE4-4991-4EFE-8F96-FE972C2068EF}"
EndProject
Project("{FAE04EC0-301F-11D3-BF4B-00C04F79EFBC}") = "WindowsForm", "WindowsForm\WindowsForm.csproj", "{FBDC00C4-6F11-4831-BB71-0B89549CBFB5}"
EndProject
Global
	GlobalSection(SolutionConfigurationPlatforms) = preSolution
		Debug|Any CPU = Debug|Any CPU
		Release|Any CPU = Release|Any CPU
	EndGlobalSection
	GlobalSection(ProjectConfigurationPlatforms) = postSolution
		{C844BF87-0801-4873-AEF2-77AAB73E05EF}.Debug|Any CPU.ActiveCfg = Debug|Any CPU
		{C844BF87-0801-4873-AEF2-77AAB73E05EF}.Debug|Any CPU.Build.0 = Debug|Any CPU
		{C844BF87-0801-4873-AEF2-77AAB73E05EF}.Release|Any CPU.ActiveCfg = Release|Any CPU
		{C844BF87-0801-4873-AEF2-77AAB73E05EF}.Release|Any CPU.Build.0 = Release|Any CPU
		{96291EE4-4991-4EFE-8F96-FE972C2068EF}.Debug|Any CPU.ActiveCfg = Debug|Any CPU
		{96291EE4-4991-4EFE-8F96-FE972C2068EF}.Debug|Any CPU.Build.0 = Debug|Any CPU
		{96291EE4-4991-4EFE-8F96-FE972C2068EF}.Release|Any CPU.ActiveCfg = Release|Any CPU
		{96291EE4-4991-4EFE-8F96-FE972C2068EF}.Release|Any CPU.Build.0 = Release|Any CPU
		{FBDC00C4-6F11-4831-BB71-0B89549CBFB5}.Debug|Any CPU.ActiveCfg = Debug|Any CPU
		{FBDC00C4-6F11-4831-BB71-0B89549CBFB5}.Debug|Any CPU.Build.0 = Debug|Any CPU
		{FBDC00C4-6F11-4831-BB71-0B89549CBFB5}.Release|Any CPU.ActiveCfg = Release|Any CPU
		{FBDC00C4-6F11-4831-BB71-0B89549CBFB5}.Release|Any CPU.Build.0 = Release|Any CPU
	EndGlobalSection
	GlobalSection(SolutionProperties) = preSolution
		HideSolutionNode = FALSE
	EndGlobalSection
EndGlobal
